
Microsoft Visual Studio Solution File, Format Version 12.00
# Visual Studio 15
VisualStudioVersion = 15.0.27428.2015
MinimumVisualStudioVersion = 10.0.40219.1
Project("{FAE04EC0-301F-11D3-BF4B-00C04F79EFBC}") = "BrokeredComponent", "BrokeredComponent\BrokeredComponent.csproj", "{EA542C4C-5192-4B3A-969E-1F004B11E571}"
EndProject
Project("{8BC9CEB8-8B4A-11D0-8D11-00A0C91BC942}") = "BrokeredProxyStub", "BrokeredProxyStub\BrokeredProxyStub.vcxproj", "{C12F15AC-8D58-462E-B8ED-3CA010AE99EE}"
EndProject
Global
	GlobalSection(SolutionConfigurationPlatforms) = preSolution
		Debug|Any CPU = Debug|Any CPU
		Debug|x64 = Debug|x64
		Debug|x86 = Debug|x86
		Release|Any CPU = Release|Any CPU
		Release|x64 = Release|x64
		Release|x86 = Release|x86
	EndGlobalSection
	GlobalSection(ProjectConfigurationPlatforms) = postSolution
		{EA542C4C-5192-4B3A-969E-1F004B11E571}.Debug|Any CPU.ActiveCfg = Debug|Any CPU
		{EA542C4C-5192-4B3A-969E-1F004B11E571}.Debug|Any CPU.Build.0 = Debug|Any CPU
		{EA542C4C-5192-4B3A-969E-1F004B11E571}.Debug|x64.ActiveCfg = Debug|Any CPU
		{EA542C4C-5192-4B3A-969E-1F004B11E571}.Debug|x64.Build.0 = Debug|Any CPU
		{EA542C4C-5192-4B3A-969E-1F004B11E571}.Debug|x86.ActiveCfg = Debug|Any CPU
		{EA542C4C-5192-4B3A-969E-1F004B11E571}.Debug|x86.Build.0 = Debug|Any CPU
		{EA542C4C-5192-4B3A-969E-1F004B11E571}.Release|Any CPU.ActiveCfg = Release|Any CPU
		{EA542C4C-5192-4B3A-969E-1F004B11E571}.Release|Any CPU.Build.0 = Release|Any CPU
		{EA542C4C-5192-4B3A-969E-1F004B11E571}.Release|x64.ActiveCfg = Release|Any CPU
		{EA542C4C-5192-4B3A-969E-1F004B11E571}.Release|x64.Build.0 = Release|Any CPU
		{EA542C4C-5192-4B3A-969E-1F004B11E571}.Release|x86.ActiveCfg = Release|Any CPU
		{EA542C4C-5192-4B3A-969E-1F004B11E571}.Release|x86.Build.0 = Release|Any CPU
		{C12F15AC-8D58-462E-B8ED-3CA010AE99EE}.Debug|Any CPU.ActiveCfg = Debug|Win32
		{C12F15AC-8D58-462E-B8ED-3CA010AE99EE}.Debug|x64.ActiveCfg = Debug|x64
		{C12F15AC-8D58-462E-B8ED-3CA010AE99EE}.Debug|x64.Build.0 = Debug|x64
		{C12F15AC-8D58-462E-B8ED-3CA010AE99EE}.Debug|x86.ActiveCfg = Debug|Win32
		{C12F15AC-8D58-462E-B8ED-3CA010AE99EE}.Debug|x86.Build.0 = Debug|Win32
		{C12F15AC-8D58-462E-B8ED-3CA010AE99EE}.Release|Any CPU.ActiveCfg = Release|Win32
		{C12F15AC-8D58-462E-B8ED-3CA010AE99EE}.Release|x64.ActiveCfg = Release|x64
		{C12F15AC-8D58-462E-B8ED-3CA010AE99EE}.Release|x64.Build.0 = Release|x64
		{C12F15AC-8D58-462E-B8ED-3CA010AE99EE}.Release|x86.ActiveCfg = Release|Win32
		{C12F15AC-8D58-462E-B8ED-3CA010AE99EE}.Release|x86.Build.0 = Release|Win32
	EndGlobalSection
	GlobalSection(SolutionProperties) = preSolution
		HideSolutionNode = FALSE
	EndGlobalSection
	GlobalSection(ExtensibilityGlobals) = postSolution
		SolutionGuid = {AA6B8E71-0B6A-4DB0-B05D-3E71B5E2FC51}
	EndGlobalSection
EndGlobal
