
Microsoft Visual Studio Solution File, Format Version 12.00
# Visual Studio 14
VisualStudioVersion = 14.0.25420.1
MinimumVisualStudioVersion = 10.0.40219.1
Project("{FAE04EC0-301F-11D3-BF4B-00C04F79EFBC}") = "BrokeredComponent", "BrokeredComponent\BrokeredComponent.csproj", "{CAD8555D-F768-476F-9C71-ECA7432ADF09}"
EndProject
Project("{8BC9CEB8-8B4A-11D0-8D11-00A0C91BC942}") = "BrokeredProxyStub", "BrokeredProxyStub\BrokeredProxyStub.vcxproj", "{12CD47B4-2360-4C02-A0FC-92B5FB722D77}"
EndProject
Global
	GlobalSection(SolutionConfigurationPlatforms) = preSolution
		Debug|x86 = Debug|x86
		Release|x86 = Release|x86
	EndGlobalSection
	GlobalSection(ProjectConfigurationPlatforms) = postSolution
		{CAD8555D-F768-476F-9C71-ECA7432ADF09}.Debug|x86.ActiveCfg = Debug|x86
		{CAD8555D-F768-476F-9C71-ECA7432ADF09}.Debug|x86.Build.0 = Debug|x86
		{CAD8555D-F768-476F-9C71-ECA7432ADF09}.Release|x86.ActiveCfg = Release|x86
		{CAD8555D-F768-476F-9C71-ECA7432ADF09}.Release|x86.Build.0 = Release|x86
		{12CD47B4-2360-4C02-A0FC-92B5FB722D77}.Debug|x86.ActiveCfg = Debug|Win32
		{12CD47B4-2360-4C02-A0FC-92B5FB722D77}.Debug|x86.Build.0 = Debug|Win32
		{12CD47B4-2360-4C02-A0FC-92B5FB722D77}.Release|x86.ActiveCfg = Release|Win32
		{12CD47B4-2360-4C02-A0FC-92B5FB722D77}.Release|x86.Build.0 = Release|Win32
	EndGlobalSection
	GlobalSection(SolutionProperties) = preSolution
		HideSolutionNode = FALSE
	EndGlobalSection
EndGlobal
